// !$*UTF8*$!
{
	archiveVersion = 1;
	classes = {
	};
	objectVersion = 46;
	objects = {

/* Begin PBXBuildFile section */
		7352674D19C38A2500C47631 /* AppDelegate.swift in Sources */ = {isa = PBXBuildFile; fileRef = 7352674C19C38A2500C47631 /* AppDelegate.swift */; };
		7352674F19C38A2500C47631 /* ViewController.swift in Sources */ = {isa = PBXBuildFile; fileRef = 7352674E19C38A2500C47631 /* ViewController.swift */; };
		7352675219C38A2500C47631 /* Main.storyboard in Resources */ = {isa = PBXBuildFile; fileRef = 7352675019C38A2500C47631 /* Main.storyboard */; };
		7352675419C38A2500C47631 /* Images.xcassets in Resources */ = {isa = PBXBuildFile; fileRef = 7352675319C38A2500C47631 /* Images.xcassets */; };
		7352675719C38A2500C47631 /* LaunchScreen.xib in Resources */ = {isa = PBXBuildFile; fileRef = 7352675519C38A2500C47631 /* LaunchScreen.xib */; };
		7352676319C38A2600C47631 /* PostcardTests.swift in Sources */ = {isa = PBXBuildFile; fileRef = 7352676219C38A2600C47631 /* PostcardTests.swift */; };
		7352676D19C38FE500C47631 /* LEGO-Mock-v12d.jpg in Resources */ = {isa = PBXBuildFile; fileRef = 7352676C19C38FE500C47631 /* LEGO-Mock-v12d.jpg */; };
		7352676F19C38FF400C47631 /* LEGO---2014-02-22---Homepage-Mockup-%28LEGO-update%29.jpg in Resources */ = {isa = PBXBuildFile; fileRef = 7352676E19C38FF400C47631 /* LEGO---2014-02-22---Homepage-Mockup-%28LEGO-update%29.jpg */; };
		7352677119C39DAE00C47631 /* LEGO_ideas%26cuusoo_api_3-13_v2-01.png in Resources */ = {isa = PBXBuildFile; fileRef = 7352677019C39DAE00C47631 /* LEGO_ideas%26cuusoo_api_3-13_v2-01.png */; };
/* End PBXBuildFile section */

/* Begin PBXContainerItemProxy section */
		7352675D19C38A2600C47631 /* PBXContainerItemProxy */ = {
			isa = PBXContainerItemProxy;
			containerPortal = 7352673F19C38A2500C47631 /* Project object */;
			proxyType = 1;
			remoteGlobalIDString = 7352674619C38A2500C47631;
			remoteInfo = Postcard;
		};
/* End PBXContainerItemProxy section */

/* Begin PBXFileReference section */
		7352674719C38A2500C47631 /* Postcard.app */ = {isa = PBXFileReference; explicitFileType = wrapper.application; includeInIndex = 0; path = Postcard.app; sourceTree = BUILT_PRODUCTS_DIR; };
		7352674B19C38A2500C47631 /* Info.plist */ = {isa = PBXFileReference; lastKnownFileType = text.plist.xml; path = Info.plist; sourceTree = "<group>"; };
		7352674C19C38A2500C47631 /* AppDelegate.swift */ = {isa = PBXFileReference; lastKnownFileType = sourcecode.swift; path = AppDelegate.swift; sourceTree = "<group>"; };
		7352674E19C38A2500C47631 /* ViewController.swift */ = {isa = PBXFileReference; lastKnownFileType = sourcecode.swift; path = ViewController.swift; sourceTree = "<group>"; };
		7352675119C38A2500C47631 /* Base */ = {isa = PBXFileReference; lastKnownFileType = file.storyboard; name = Base; path = Base.lproj/Main.storyboard; sourceTree = "<group>"; };
		7352675319C38A2500C47631 /* Images.xcassets */ = {isa = PBXFileReference; lastKnownFileType = folder.assetcatalog; path = Images.xcassets; sourceTree = "<group>"; };
		7352675619C38A2500C47631 /* Base */ = {isa = PBXFileReference; lastKnownFileType = file.xib; name = Base; path = Base.lproj/LaunchScreen.xib; sourceTree = "<group>"; };
		7352675C19C38A2600C47631 /* PostcardTests.xctest */ = {isa = PBXFileReference; explicitFileType = wrapper.cfbundle; includeInIndex = 0; path = PostcardTests.xctest; sourceTree = BUILT_PRODUCTS_DIR; };
		7352676119C38A2600C47631 /* Info.plist */ = {isa = PBXFileReference; lastKnownFileType = text.plist.xml; path = Info.plist; sourceTree = "<group>"; };
		7352676219C38A2600C47631 /* PostcardTests.swift */ = {isa = PBXFileReference; lastKnownFileType = sourcecode.swift; path = PostcardTests.swift; sourceTree = "<group>"; };
		7352676C19C38FE500C47631 /* LEGO-Mock-v12d.jpg */ = {isa = PBXFileReference; lastKnownFileType = image.jpeg; path = "LEGO-Mock-v12d.jpg"; sourceTree = "<group>"; };
		7352676E19C38FF400C47631 /* LEGO---2014-02-22---Homepage-Mockup-%28LEGO-update%29.jpg */ = {isa = PBXFileReference; lastKnownFileType = image.jpeg; path = "LEGO---2014-02-22---Homepage-Mockup-%28LEGO-update%29.jpg"; sourceTree = "<group>"; };
		7352677019C39DAE00C47631 /* LEGO_ideas%26cuusoo_api_3-13_v2-01.png */ = {isa = PBXFileReference; lastKnownFileType = image.png; path = "LEGO_ideas%26cuusoo_api_3-13_v2-01.png"; sourceTree = "<group>"; };
/* End PBXFileReference section */

/* Begin PBXFrameworksBuildPhase section */
		7352674419C38A2500C47631 /* Frameworks */ = {
			isa = PBXFrameworksBuildPhase;
			buildActionMask = 2147483647;
			files = (
			);
			runOnlyForDeploymentPostprocessing = 0;
		};
		7352675919C38A2600C47631 /* Frameworks */ = {
			isa = PBXFrameworksBuildPhase;
			buildActionMask = 2147483647;
			files = (
			);
			runOnlyForDeploymentPostprocessing = 0;
		};
/* End PBXFrameworksBuildPhase section */

/* Begin PBXGroup section */
		7352673E19C38A2500C47631 = {
			isa = PBXGroup;
			children = (
				7352674919C38A2500C47631 /* Postcard */,
				7352675F19C38A2600C47631 /* PostcardTests */,
				7352674819C38A2500C47631 /* Products */,
			);
			sourceTree = "<group>";
		};
		7352674819C38A2500C47631 /* Products */ = {
			isa = PBXGroup;
			children = (
				7352674719C38A2500C47631 /* Postcard.app */,
				7352675C19C38A2600C47631 /* PostcardTests.xctest */,
			);
			name = Products;
			sourceTree = "<group>";
		};
		7352674919C38A2500C47631 /* Postcard */ = {
			isa = PBXGroup;
			children = (
				7352674C19C38A2500C47631 /* AppDelegate.swift */,
				7352674E19C38A2500C47631 /* ViewController.swift */,
				7352675019C38A2500C47631 /* Main.storyboard */,
				7352675319C38A2500C47631 /* Images.xcassets */,
				7352675519C38A2500C47631 /* LaunchScreen.xib */,
				7352674A19C38A2500C47631 /* Supporting Files */,
			);
			path = Postcard;
			sourceTree = "<group>";
		};
		7352674A19C38A2500C47631 /* Supporting Files */ = {
			isa = PBXGroup;
			children = (
				7352677019C39DAE00C47631 /* LEGO_ideas%26cuusoo_api_3-13_v2-01.png */,
				7352676E19C38FF400C47631 /* LEGO---2014-02-22---Homepage-Mockup-%28LEGO-update%29.jpg */,
				7352676C19C38FE500C47631 /* LEGO-Mock-v12d.jpg */,
				7352674B19C38A2500C47631 /* Info.plist */,
			);
			name = "Supporting Files";
			sourceTree = "<group>";
		};
		7352675F19C38A2600C47631 /* PostcardTests */ = {
			isa = PBXGroup;
			children = (
				7352676219C38A2600C47631 /* PostcardTests.swift */,
				7352676019C38A2600C47631 /* Supporting Files */,
			);
			path = PostcardTests;
			sourceTree = "<group>";
		};
		7352676019C38A2600C47631 /* Supporting Files */ = {
			isa = PBXGroup;
			children = (
				7352676119C38A2600C47631 /* Info.plist */,
			);
			name = "Supporting Files";
			sourceTree = "<group>";
		};
/* End PBXGroup section */

/* Begin PBXNativeTarget section */
		7352674619C38A2500C47631 /* Postcard */ = {
			isa = PBXNativeTarget;
			buildConfigurationList = 7352676619C38A2600C47631 /* Build configuration list for PBXNativeTarget "Postcard" */;
			buildPhases = (
				7352674319C38A2500C47631 /* Sources */,
				7352674419C38A2500C47631 /* Frameworks */,
				7352674519C38A2500C47631 /* Resources */,
			);
			buildRules = (
			);
			dependencies = (
			);
			name = Postcard;
			productName = Postcard;
			productReference = 7352674719C38A2500C47631 /* Postcard.app */;
			productType = "com.apple.product-type.application";
		};
		7352675B19C38A2600C47631 /* PostcardTests */ = {
			isa = PBXNativeTarget;
			buildConfigurationList = 7352676919C38A2600C47631 /* Build configuration list for PBXNativeTarget "PostcardTests" */;
			buildPhases = (
				7352675819C38A2600C47631 /* Sources */,
				7352675919C38A2600C47631 /* Frameworks */,
				7352675A19C38A2600C47631 /* Resources */,
			);
			buildRules = (
			);
			dependencies = (
				7352675E19C38A2600C47631 /* PBXTargetDependency */,
			);
			name = PostcardTests;
			productName = PostcardTests;
			productReference = 7352675C19C38A2600C47631 /* PostcardTests.xctest */;
			productType = "com.apple.product-type.bundle.unit-test";
		};
/* End PBXNativeTarget section */

/* Begin PBXProject section */
		7352673F19C38A2500C47631 /* Project object */ = {
			isa = PBXProject;
			attributes = {
				LastUpgradeCheck = 0600;
				ORGANIZATIONNAME = "Reckage Interactive";
				TargetAttributes = {
					7352674619C38A2500C47631 = {
						CreatedOnToolsVersion = 6.1;
					};
					7352675B19C38A2600C47631 = {
						CreatedOnToolsVersion = 6.1;
						TestTargetID = 7352674619C38A2500C47631;
					};
				};
			};
			buildConfigurationList = 7352674219C38A2500C47631 /* Build configuration list for PBXProject "Postcard" */;
			compatibilityVersion = "Xcode 3.2";
			developmentRegion = English;
			hasScannedForEncodings = 0;
			knownRegions = (
				en,
				Base,
			);
			mainGroup = 7352673E19C38A2500C47631;
			productRefGroup = 7352674819C38A2500C47631 /* Products */;
			projectDirPath = "";
			projectRoot = "";
			targets = (
				7352674619C38A2500C47631 /* Postcard */,
				7352675B19C38A2600C47631 /* PostcardTests */,
			);
		};
/* End PBXProject section */

/* Begin PBXResourcesBuildPhase section */
		7352674519C38A2500C47631 /* Resources */ = {
			isa = PBXResourcesBuildPhase;
			buildActionMask = 2147483647;
			files = (
				7352675219C38A2500C47631 /* Main.storyboard in Resources */,
				7352676D19C38FE500C47631 /* LEGO-Mock-v12d.jpg in Resources */,
				7352676F19C38FF400C47631 /* LEGO---2014-02-22---Homepage-Mockup-%28LEGO-update%29.jpg in Resources */,
				7352675719C38A2500C47631 /* LaunchScreen.xib in Resources */,
				7352675419C38A2500C47631 /* Images.xcassets in Resources */,
				7352677119C39DAE00C47631 /* LEGO_ideas%26cuusoo_api_3-13_v2-01.png in Resources */,
			);
			runOnlyForDeploymentPostprocessing = 0;
		};
		7352675A19C38A2600C47631 /* Resources */ = {
			isa = PBXResourcesBuildPhase;
			buildActionMask = 2147483647;
			files = (
			);
			runOnlyForDeploymentPostprocessing = 0;
		};
/* End PBXResourcesBuildPhase section */

/* Begin PBXSourcesBuildPhase section */
		7352674319C38A2500C47631 /* Sources */ = {
			isa = PBXSourcesBuildPhase;
			buildActionMask = 2147483647;
			files = (
				7352674F19C38A2500C47631 /* ViewController.swift in Sources */,
				7352674D19C38A2500C47631 /* AppDelegate.swift in Sources */,
			);
			runOnlyForDeploymentPostprocessing = 0;
		};
		7352675819C38A2600C47631 /* Sources */ = {
			isa = PBXSourcesBuildPhase;
			buildActionMask = 2147483647;
			files = (
				7352676319C38A2600C47631 /* PostcardTests.swift in Sources */,
			);
			runOnlyForDeploymentPostprocessing = 0;
		};
/* End PBXSourcesBuildPhase section */

/* Begin PBXTargetDependency section */
		7352675E19C38A2600C47631 /* PBXTargetDependency */ = {
			isa = PBXTargetDependency;
			target = 7352674619C38A2500C47631 /* Postcard */;
			targetProxy = 7352675D19C38A2600C47631 /* PBXContainerItemProxy */;
		};
/* End PBXTargetDependency section */

/* Begin PBXVariantGroup section */
		7352675019C38A2500C47631 /* Main.storyboard */ = {
			isa = PBXVariantGroup;
			children = (
				7352675119C38A2500C47631 /* Base */,
			);
			name = Main.storyboard;
			sourceTree = "<group>";
		};
		7352675519C38A2500C47631 /* LaunchScreen.xib */ = {
			isa = PBXVariantGroup;
			children = (
				7352675619C38A2500C47631 /* Base */,
			);
			name = LaunchScreen.xib;
			sourceTree = "<group>";
		};
/* End PBXVariantGroup section */

/* Begin XCBuildConfiguration section */
		7352676419C38A2600C47631 /* Debug */ = {
			isa = XCBuildConfiguration;
			buildSettings = {
				ALWAYS_SEARCH_USER_PATHS = NO;
				CLANG_CXX_LANGUAGE_STANDARD = "gnu++0x";
				CLANG_CXX_LIBRARY = "libc++";
				CLANG_ENABLE_MODULES = YES;
				CLANG_ENABLE_OBJC_ARC = YES;
				CLANG_WARN_BOOL_CONVERSION = YES;
				CLANG_WARN_CONSTANT_CONVERSION = YES;
				CLANG_WARN_DIRECT_OBJC_ISA_USAGE = YES_ERROR;
				CLANG_WARN_EMPTY_BODY = YES;
				CLANG_WARN_ENUM_CONVERSION = YES;
				CLANG_WARN_INT_CONVERSION = YES;
				CLANG_WARN_OBJC_ROOT_CLASS = YES_ERROR;
				CLANG_WARN_UNREACHABLE_CODE = YES;
				CLANG_WARN__DUPLICATE_METHOD_MATCH = YES;
				"CODE_SIGN_IDENTITY[sdk=iphoneos*]" = "iPhone Developer";
				COPY_PHASE_STRIP = NO;
				ENABLE_STRICT_OBJC_MSGSEND = YES;
				GCC_C_LANGUAGE_STANDARD = gnu99;
				GCC_DYNAMIC_NO_PIC = NO;
				GCC_OPTIMIZATION_LEVEL = 0;
				GCC_PREPROCESSOR_DEFINITIONS = (
					"DEBUG=1",
					"$(inherited)",
				);
				GCC_SYMBOLS_PRIVATE_EXTERN = NO;
				GCC_WARN_64_TO_32_BIT_CONVERSION = YES;
				GCC_WARN_ABOUT_RETURN_TYPE = YES_ERROR;
				GCC_WARN_UNDECLARED_SELECTOR = YES;
				GCC_WARN_UNINITIALIZED_AUTOS = YES_AGGRESSIVE;
				GCC_WARN_UNUSED_FUNCTION = YES;
				GCC_WARN_UNUSED_VARIABLE = YES;
				IPHONEOS_DEPLOYMENT_TARGET = 8.0;
				MTL_ENABLE_DEBUG_INFO = YES;
				ONLY_ACTIVE_ARCH = YES;
				SDKROOT = iphoneos;
				SWIFT_OPTIMIZATION_LEVEL = "-Onone";
			};
			name = Debug;
		};
		7352676519C38A2600C47631 /* Release */ = {
			isa = XCBuildConfiguration;
			buildSettings = {
				ALWAYS_SEARCH_USER_PATHS = NO;
				CLANG_CXX_LANGUAGE_STANDARD = "gnu++0x";
				CLANG_CXX_LIBRARY = "libc++";
				CLANG_ENABLE_MODULES = YES;
				CLANG_ENABLE_OBJC_ARC = YES;
				CLANG_WARN_BOOL_CONVERSION = YES;
				CLANG_WARN_CONSTANT_CONVERSION = YES;
				CLANG_WARN_DIRECT_OBJC_ISA_USAGE = YES_ERROR;
				CLANG_WARN_EMPTY_BODY = YES;
				CLANG_WARN_ENUM_CONVERSION = YES;
				CLANG_WARN_INT_CONVERSION = YES;
				CLANG_WARN_OBJC_ROOT_CLASS = YES_ERROR;
				CLANG_WARN_UNREACHABLE_CODE = YES;
				CLANG_WARN__DUPLICATE_METHOD_MATCH = YES;
				"CODE_SIGN_IDENTITY[sdk=iphoneos*]" = "iPhone Developer";
				COPY_PHASE_STRIP = YES;
				ENABLE_NS_ASSERTIONS = NO;
				ENABLE_STRICT_OBJC_MSGSEND = YES;
				GCC_C_LANGUAGE_STANDARD = gnu99;
				GCC_WARN_64_TO_32_BIT_CONVERSION = YES;
				GCC_WARN_ABOUT_RETURN_TYPE = YES_ERROR;
				GCC_WARN_UNDECLARED_SELECTOR = YES;
				GCC_WARN_UNINITIALIZED_AUTOS = YES_AGGRESSIVE;
				GCC_WARN_UNUSED_FUNCTION = YES;
				GCC_WARN_UNUSED_VARIABLE = YES;
				IPHONEOS_DEPLOYMENT_TARGET = 8.0;
				MTL_ENABLE_DEBUG_INFO = NO;
				SDKROOT = iphoneos;
				VALIDATE_PRODUCT = YES;
			};
			name = Release;
		};
		7352676719C38A2600C47631 /* Debug */ = {
			isa = XCBuildConfiguration;
			buildSettings = {
				ASSETCATALOG_COMPILER_APPICON_NAME = AppIcon;
				INFOPLIST_FILE = Postcard/Info.plist;
				LD_RUNPATH_SEARCH_PATHS = "$(inherited) @executable_path/Frameworks";
				PRODUCT_NAME = "$(TARGET_NAME)";
				TARGETED_DEVICE_FAMILY = 1;
			};
			name = Debug;
		};
		7352676819C38A2600C47631 /* Release */ = {
			isa = XCBuildConfiguration;
			buildSettings = {
				ASSETCATALOG_COMPILER_APPICON_NAME = AppIcon;
				INFOPLIST_FILE = Postcard/Info.plist;
				LD_RUNPATH_SEARCH_PATHS = "$(inherited) @executable_path/Frameworks";
				PRODUCT_NAME = "$(TARGET_NAME)";
				TARGETED_DEVICE_FAMILY = 1;
			};
			name = Release;
		};
		7352676A19C38A2600C47631 /* Debug */ = {
			isa = XCBuildConfiguration;
			buildSettings = {
				BUNDLE_LOADER = "$(TEST_HOST)";
				FRAMEWORK_SEARCH_PATHS = (
					"$(SDKROOT)/Developer/Library/Frameworks",
					"$(inherited)",
				);
				GCC_PREPROCESSOR_DEFINITIONS = (
					"DEBUG=1",
					"$(inherited)",
				);
				INFOPLIST_FILE = PostcardTests/Info.plist;
				LD_RUNPATH_SEARCH_PATHS = "$(inherited) @executable_path/Frameworks @loader_path/Frameworks";
				PRODUCT_NAME = "$(TARGET_NAME)";
				TEST_HOST = "$(BUILT_PRODUCTS_DIR)/Postcard.app/Postcard";
			};
			name = Debug;
		};
		7352676B19C38A2600C47631 /* Release */ = {
			isa = XCBuildConfiguration;
			buildSettings = {
				BUNDLE_LOADER = "$(TEST_HOST)";
				FRAMEWORK_SEARCH_PATHS = (
					"$(SDKROOT)/Developer/Library/Frameworks",
					"$(inherited)",
				);
				INFOPLIST_FILE = PostcardTests/Info.plist;
				LD_RUNPATH_SEARCH_PATHS = "$(inherited) @executable_path/Frameworks @loader_path/Frameworks";
				PRODUCT_NAME = "$(TARGET_NAME)";
				TEST_HOST = "$(BUILT_PRODUCTS_DIR)/Postcard.app/Postcard";
			};
			name = Release;
		};
/* End XCBuildConfiguration section */

/* Begin XCConfigurationList section */
		7352674219C38A2500C47631 /* Build configuration list for PBXProject "Postcard" */ = {
			isa = XCConfigurationList;
			buildConfigurations = (
				7352676419C38A2600C47631 /* Debug */,
				7352676519C38A2600C47631 /* Release */,
			);
			defaultConfigurationIsVisible = 0;
			defaultConfigurationName = Release;
		};
		7352676619C38A2600C47631 /* Build configuration list for PBXNativeTarget "Postcard" */ = {
			isa = XCConfigurationList;
			buildConfigurations = (
				7352676719C38A2600C47631 /* Debug */,
				7352676819C38A2600C47631 /* Release */,
			);
			defaultConfigurationIsVisible = 0;
		};
		7352676919C38A2600C47631 /* Build configuration list for PBXNativeTarget "PostcardTests" */ = {
			isa = XCConfigurationList;
			buildConfigurations = (
				7352676A19C38A2600C47631 /* Debug */,
				7352676B19C38A2600C47631 /* Release */,
			);
			defaultConfigurationIsVisible = 0;
		};
/* End XCConfigurationList section */
	};
	rootObject = 7352673F19C38A2500C47631 /* Project object */;
}
